// !$*UTF8*$!
{
	archiveVersion = 1;
	classes = {
	};
	objectVersion = 46;
	objects = {

/* Begin PBXBuildFile section */
		87F108921BBB84480046CC65 /* main.m in Sources */ = {isa = PBXBuildFile; fileRef = 87F108911BBB84480046CC65 /* main.m */; };
		87F1089A1BBB88FD0046CC65 /* QuickSort.m in Sources */ = {isa = PBXBuildFile; fileRef = 87F108991BBB88FD0046CC65 /* QuickSort.m */; settings = {ASSET_TAGS = (); }; };
/* End PBXBuildFile section */

/* Begin PBXCopyFilesBuildPhase section */
		87F1088C1BBB84480046CC65 /* CopyFiles */ = {
			isa = PBXCopyFilesBuildPhase;
			buildActionMask = 2147483647;
			dstPath = /usr/share/man/man1/;
			dstSubfolderSpec = 0;
			files = (
			);
			runOnlyForDeploymentPostprocessing = 1;
		};
/* End PBXCopyFilesBuildPhase section */

/* Begin PBXFileReference section */
		87F1088E1BBB84480046CC65 /* FindTheLargestNumberInAnArray */ = {isa = PBXFileReference; explicitFileType = "compiled.mach-o.executable"; includeInIndex = 0; path = FindTheLargestNumberInAnArray; sourceTree = BUILT_PRODUCTS_DIR; };
		87F108911BBB84480046CC65 /* main.m */ = {isa = PBXFileReference; lastKnownFileType = sourcecode.c.objc; path = main.m; sourceTree = "<group>"; };
		87F108981BBB88FD0046CC65 /* QuickSort.h */ = {isa = PBXFileReference; fileEncoding = 4; lastKnownFileType = sourcecode.c.h; path = QuickSort.h; sourceTree = "<group>"; };
		87F108991BBB88FD0046CC65 /* QuickSort.m */ = {isa = PBXFileReference; fileEncoding = 4; lastKnownFileType = sourcecode.c.objc; path = QuickSort.m; sourceTree = "<group>"; };
/* End PBXFileReference section */

/* Begin PBXFrameworksBuildPhase section */
		87F1088B1BBB84480046CC65 /* Frameworks */ = {
			isa = PBXFrameworksBuildPhase;
			buildActionMask = 2147483647;
			files = (
			);
			runOnlyForDeploymentPostprocessing = 0;
		};
/* End PBXFrameworksBuildPhase section */

/* Begin PBXGroup section */
		87F108851BBB84480046CC65 = {
			isa = PBXGroup;
			children = (
				87F108901BBB84480046CC65 /* FindTheLargestNumberInAnArray */,
				87F1088F1BBB84480046CC65 /* Products */,
			);
			sourceTree = "<group>";
		};
		87F1088F1BBB84480046CC65 /* Products */ = {
			isa = PBXGroup;
			children = (
				87F1088E1BBB84480046CC65 /* FindTheLargestNumberInAnArray */,
			);
			name = Products;
			sourceTree = "<group>";
		};
		87F108901BBB84480046CC65 /* FindTheLargestNumberInAnArray */ = {
			isa = PBXGroup;
			children = (
				87F108911BBB84480046CC65 /* main.m */,
				87F108981BBB88FD0046CC65 /* QuickSort.h */,
				87F108991BBB88FD0046CC65 /* QuickSort.m */,
			);
			path = FindTheLargestNumberInAnArray;
			sourceTree = "<group>";
		};
/* End PBXGroup section */

/* Begin PBXNativeTarget section */
		87F1088D1BBB84480046CC65 /* FindTheLargestNumberInAnArray */ = {
			isa = PBXNativeTarget;
			buildConfigurationList = 87F108951BBB84480046CC65 /* Build configuration list for PBXNativeTarget "FindTheLargestNumberInAnArray" */;
			buildPhases = (
				87F1088A1BBB84480046CC65 /* Sources */,
				87F1088B1BBB84480046CC65 /* Frameworks */,
				87F1088C1BBB84480046CC65 /* CopyFiles */,
			);
			buildRules = (
			);
			dependencies = (
			);
			name = FindTheLargestNumberInAnArray;
			productName = FindTheLargestNumberInAnArray;
			productReference = 87F1088E1BBB84480046CC65 /* FindTheLargestNumberInAnArray */;
			productType = "com.apple.product-type.tool";
		};
/* End PBXNativeTarget section */

/* Begin PBXProject section */
		87F108861BBB84480046CC65 /* Project object */ = {
			isa = PBXProject;
			attributes = {
				LastUpgradeCheck = 0700;
				ORGANIZATIONNAME = "Jian Su";
				TargetAttributes = {
					87F1088D1BBB84480046CC65 = {
						CreatedOnToolsVersion = 7.0;
					};
				};
			};
			buildConfigurationList = 87F108891BBB84480046CC65 /* Build configuration list for PBXProject "FindTheLargestNumberInAnArray" */;
			compatibilityVersion = "Xcode 3.2";
			developmentRegion = English;
			hasScannedForEncodings = 0;
			knownRegions = (
				en,
			);
			mainGroup = 87F108851BBB84480046CC65;
			productRefGroup = 87F1088F1BBB84480046CC65 /* Products */;
			projectDirPath = "";
			projectRoot = "";
			targets = (
				87F1088D1BBB84480046CC65 /* FindTheLargestNumberInAnArray */,
			);
		};
/* End PBXProject section */

/* Begin PBXSourcesBuildPhase section */
		87F1088A1BBB84480046CC65 /* Sources */ = {
			isa = PBXSourcesBuildPhase;
			buildActionMask = 2147483647;
			files = (
				87F108921BBB84480046CC65 /* main.m in Sources */,
				87F1089A1BBB88FD0046CC65 /* QuickSort.m in Sources */,
			);
			runOnlyForDeploymentPostprocessing = 0;
		};
/* End PBXSourcesBuildPhase section */

/* Begin XCBuildConfiguration section */
		87F108931BBB84480046CC65 /* Debug */ = {
			isa = XCBuildConfiguration;
			buildSettings = {
				ALWAYS_SEARCH_USER_PATHS = NO;
				CLANG_CXX_LANGUAGE_STANDARD = "gnu++0x";
				CLANG_CXX_LIBRARY = "libc++";
				CLANG_ENABLE_MODULES = YES;
				CLANG_ENABLE_OBJC_ARC = YES;
				CLANG_WARN_BOOL_CONVERSION = YES;
				CLANG_WARN_CONSTANT_CONVERSION = YES;
				CLANG_WARN_DIRECT_OBJC_ISA_USAGE = YES_ERROR;
				CLANG_WARN_EMPTY_BODY = YES;
				CLANG_WARN_ENUM_CONVERSION = YES;
				CLANG_WARN_INT_CONVERSION = YES;
				CLANG_WARN_OBJC_ROOT_CLASS = YES_ERROR;
				CLANG_WARN_UNREACHABLE_CODE = YES;
				CLANG_WARN__DUPLICATE_METHOD_MATCH = YES;
				COPY_PHASE_STRIP = NO;
				DEBUG_INFORMATION_FORMAT = dwarf;
				ENABLE_STRICT_OBJC_MSGSEND = YES;
				ENABLE_TESTABILITY = YES;
				GCC_C_LANGUAGE_STANDARD = gnu99;
				GCC_DYNAMIC_NO_PIC = NO;
				GCC_NO_COMMON_BLOCKS = YES;
				GCC_OPTIMIZATION_LEVEL = 0;
				GCC_PREPROCESSOR_DEFINITIONS = (
					"DEBUG=1",
					"$(inherited)",
				);
				GCC_WARN_64_TO_32_BIT_CONVERSION = YES;
				GCC_WARN_ABOUT_RETURN_TYPE = YES_ERROR;
				GCC_WARN_UNDECLARED_SELECTOR = YES;
				GCC_WARN_UNINITIALIZED_AUTOS = YES_AGGRESSIVE;
				GCC_WARN_UNUSED_FUNCTION = YES;
				GCC_WARN_UNUSED_VARIABLE = YES;
				MACOSX_DEPLOYMENT_TARGET = 10.10;
				MTL_ENABLE_DEBUG_INFO = YES;
				ONLY_ACTIVE_ARCH = YES;
				SDKROOT = macosx;
			};
			name = Debug;
		};
		87F108941BBB84480046CC65 /* Release */ = {
			isa = XCBuildConfiguration;
			buildSettings = {
				ALWAYS_SEARCH_USER_PATHS = NO;
				CLANG_CXX_LANGUAGE_STANDARD = "gnu++0x";
				CLANG_CXX_LIBRARY = "libc++";
				CLANG_ENABLE_MODULES = YES;
				CLANG_ENABLE_OBJC_ARC = YES;
				CLANG_WARN_BOOL_CONVERSION = YES;
				CLANG_WARN_CONSTANT_CONVERSION = YES;
				CLANG_WARN_DIRECT_OBJC_ISA_USAGE = YES_ERROR;
				CLANG_WARN_EMPTY_BODY = YES;
				CLANG_WARN_ENUM_CONVERSION = YES;
				CLANG_WARN_INT_CONVERSION = YES;
				CLANG_WARN_OBJC_ROOT_CLASS = YES_ERROR;
				CLANG_WARN_UNREACHABLE_CODE = YES;
				CLANG_WARN__DUPLICATE_METHOD_MATCH = YES;
				COPY_PHASE_STRIP = NO;
				DEBUG_INFORMATION_FORMAT = "dwarf-with-dsym";
				ENABLE_NS_ASSERTIONS = NO;
				ENABLE_STRICT_OBJC_MSGSEND = YES;
				GCC_C_LANGUAGE_STANDARD = gnu99;
				GCC_NO_COMMON_BLOCKS = YES;
				GCC_WARN_64_TO_32_BIT_CONVERSION = YES;
				GCC_WARN_ABOUT_RETURN_TYPE = YES_ERROR;
				GCC_WARN_UNDECLARED_SELECTOR = YES;
				GCC_WARN_UNINITIALIZED_AUTOS = YES_AGGRESSIVE;
				GCC_WARN_UNUSED_FUNCTION = YES;
				GCC_WARN_UNUSED_VARIABLE = YES;
				MACOSX_DEPLOYMENT_TARGET = 10.10;
				MTL_ENABLE_DEBUG_INFO = NO;
				SDKROOT = macosx;
			};
			name = Release;
		};
		87F108961BBB84480046CC65 /* Debug */ = {
			isa = XCBuildConfiguration;
			buildSettings = {
				PRODUCT_NAME = "$(TARGET_NAME)";
			};
			name = Debug;
		};
		87F108971BBB84480046CC65 /* Release */ = {
			isa = XCBuildConfiguration;
			buildSettings = {
				PRODUCT_NAME = "$(TARGET_NAME)";
			};
			name = Release;
		};
/* End XCBuildConfiguration section */

/* Begin XCConfigurationList section */
		87F108891BBB84480046CC65 /* Build configuration list for PBXProject "FindTheLargestNumberInAnArray" */ = {
			isa = XCConfigurationList;
			buildConfigurations = (
				87F108931BBB84480046CC65 /* Debug */,
				87F108941BBB84480046CC65 /* Release */,
			);
			defaultConfigurationIsVisible = 0;
			defaultConfigurationName = Release;
		};
		87F108951BBB84480046CC65 /* Build configuration list for PBXNativeTarget "FindTheLargestNumberInAnArray" */ = {
			isa = XCConfigurationList;
			buildConfigurations = (
				87F108961BBB84480046CC65 /* Debug */,
				87F108971BBB84480046CC65 /* Release */,
			);
			defaultConfigurationIsVisible = 0;
		};
/* End XCConfigurationList section */
	};
	rootObject = 87F108861BBB84480046CC65 /* Project object */;
}
