// !$*UTF8*$!
{
	archiveVersion = 1;
	classes = {
	};
	objectVersion = 46;
	objects = {

/* Begin PBXBuildFile section */
		878450741BAE5D2E0033E2BD /* main.m in Sources */ = {isa = PBXBuildFile; fileRef = 878450731BAE5D2E0033E2BD /* main.m */; };
		878450771BAE5D2E0033E2BD /* AppDelegate.m in Sources */ = {isa = PBXBuildFile; fileRef = 878450761BAE5D2E0033E2BD /* AppDelegate.m */; };
		8784507D1BAE5D2E0033E2BD /* Main.storyboard in Resources */ = {isa = PBXBuildFile; fileRef = 8784507B1BAE5D2E0033E2BD /* Main.storyboard */; };
		8784507F1BAE5D2E0033E2BD /* Images.xcassets in Resources */ = {isa = PBXBuildFile; fileRef = 8784507E1BAE5D2E0033E2BD /* Images.xcassets */; };
		878450821BAE5D2E0033E2BD /* LaunchScreen.xib in Resources */ = {isa = PBXBuildFile; fileRef = 878450801BAE5D2E0033E2BD /* LaunchScreen.xib */; };
		8784508E1BAE5D2E0033E2BD /* BlogerReaderRebuildTests.m in Sources */ = {isa = PBXBuildFile; fileRef = 8784508D1BAE5D2E0033E2BD /* BlogerReaderRebuildTests.m */; };
		878450991BAE6A3A0033E2BD /* TableTableViewController.m in Sources */ = {isa = PBXBuildFile; fileRef = 878450981BAE6A3A0033E2BD /* TableTableViewController.m */; };
		87EBFEDF1BB1278900D70F5B /* Default-568h@2x.png in Resources */ = {isa = PBXBuildFile; fileRef = 87EBFEDE1BB1278900D70F5B /* Default-568h@2x.png */; settings = {ASSET_TAGS = (); }; };
/* End PBXBuildFile section */

/* Begin PBXContainerItemProxy section */
		878450881BAE5D2E0033E2BD /* PBXContainerItemProxy */ = {
			isa = PBXContainerItemProxy;
			containerPortal = 878450661BAE5D2E0033E2BD /* Project object */;
			proxyType = 1;
			remoteGlobalIDString = 8784506D1BAE5D2E0033E2BD;
			remoteInfo = BlogerReaderRebuild;
		};
/* End PBXContainerItemProxy section */

/* Begin PBXFileReference section */
		8784506E1BAE5D2E0033E2BD /* BlogerReaderRebuild.app */ = {isa = PBXFileReference; explicitFileType = wrapper.application; includeInIndex = 0; path = BlogerReaderRebuild.app; sourceTree = BUILT_PRODUCTS_DIR; };
		878450721BAE5D2E0033E2BD /* Info.plist */ = {isa = PBXFileReference; lastKnownFileType = text.plist.xml; path = Info.plist; sourceTree = "<group>"; };
		878450731BAE5D2E0033E2BD /* main.m */ = {isa = PBXFileReference; lastKnownFileType = sourcecode.c.objc; path = main.m; sourceTree = "<group>"; };
		878450751BAE5D2E0033E2BD /* AppDelegate.h */ = {isa = PBXFileReference; lastKnownFileType = sourcecode.c.h; path = AppDelegate.h; sourceTree = "<group>"; };
		878450761BAE5D2E0033E2BD /* AppDelegate.m */ = {isa = PBXFileReference; lastKnownFileType = sourcecode.c.objc; path = AppDelegate.m; sourceTree = "<group>"; };
		8784507C1BAE5D2E0033E2BD /* Base */ = {isa = PBXFileReference; lastKnownFileType = file.storyboard; name = Base; path = Base.lproj/Main.storyboard; sourceTree = "<group>"; };
		8784507E1BAE5D2E0033E2BD /* Images.xcassets */ = {isa = PBXFileReference; lastKnownFileType = folder.assetcatalog; path = Images.xcassets; sourceTree = "<group>"; };
		878450811BAE5D2E0033E2BD /* Base */ = {isa = PBXFileReference; lastKnownFileType = file.xib; name = Base; path = Base.lproj/LaunchScreen.xib; sourceTree = "<group>"; };
		878450871BAE5D2E0033E2BD /* BlogerReaderRebuildTests.xctest */ = {isa = PBXFileReference; explicitFileType = wrapper.cfbundle; includeInIndex = 0; path = BlogerReaderRebuildTests.xctest; sourceTree = BUILT_PRODUCTS_DIR; };
		8784508C1BAE5D2E0033E2BD /* Info.plist */ = {isa = PBXFileReference; lastKnownFileType = text.plist.xml; path = Info.plist; sourceTree = "<group>"; };
		8784508D1BAE5D2E0033E2BD /* BlogerReaderRebuildTests.m */ = {isa = PBXFileReference; lastKnownFileType = sourcecode.c.objc; path = BlogerReaderRebuildTests.m; sourceTree = "<group>"; };
		878450971BAE6A3A0033E2BD /* TableTableViewController.h */ = {isa = PBXFileReference; fileEncoding = 4; lastKnownFileType = sourcecode.c.h; path = TableTableViewController.h; sourceTree = "<group>"; };
		878450981BAE6A3A0033E2BD /* TableTableViewController.m */ = {isa = PBXFileReference; fileEncoding = 4; lastKnownFileType = sourcecode.c.objc; path = TableTableViewController.m; sourceTree = "<group>"; };
		87EBFEDE1BB1278900D70F5B /* Default-568h@2x.png */ = {isa = PBXFileReference; lastKnownFileType = image.png; path = "Default-568h@2x.png"; sourceTree = "<group>"; };
/* End PBXFileReference section */

/* Begin PBXFrameworksBuildPhase section */
		8784506B1BAE5D2E0033E2BD /* Frameworks */ = {
			isa = PBXFrameworksBuildPhase;
			buildActionMask = 2147483647;
			files = (
			);
			runOnlyForDeploymentPostprocessing = 0;
		};
		878450841BAE5D2E0033E2BD /* Frameworks */ = {
			isa = PBXFrameworksBuildPhase;
			buildActionMask = 2147483647;
			files = (
			);
			runOnlyForDeploymentPostprocessing = 0;
		};
/* End PBXFrameworksBuildPhase section */

/* Begin PBXGroup section */
		878450651BAE5D2E0033E2BD = {
			isa = PBXGroup;
			children = (
				87EBFEDE1BB1278900D70F5B /* Default-568h@2x.png */,
				878450701BAE5D2E0033E2BD /* BlogerReaderRebuild */,
				8784508A1BAE5D2E0033E2BD /* BlogerReaderRebuildTests */,
				8784506F1BAE5D2E0033E2BD /* Products */,
			);
			sourceTree = "<group>";
		};
		8784506F1BAE5D2E0033E2BD /* Products */ = {
			isa = PBXGroup;
			children = (
				8784506E1BAE5D2E0033E2BD /* BlogerReaderRebuild.app */,
				878450871BAE5D2E0033E2BD /* BlogerReaderRebuildTests.xctest */,
			);
			name = Products;
			sourceTree = "<group>";
		};
		878450701BAE5D2E0033E2BD /* BlogerReaderRebuild */ = {
			isa = PBXGroup;
			children = (
				878450751BAE5D2E0033E2BD /* AppDelegate.h */,
				878450761BAE5D2E0033E2BD /* AppDelegate.m */,
				878450971BAE6A3A0033E2BD /* TableTableViewController.h */,
				878450981BAE6A3A0033E2BD /* TableTableViewController.m */,
				8784507B1BAE5D2E0033E2BD /* Main.storyboard */,
				8784507E1BAE5D2E0033E2BD /* Images.xcassets */,
				878450801BAE5D2E0033E2BD /* LaunchScreen.xib */,
				878450711BAE5D2E0033E2BD /* Supporting Files */,
			);
			path = BlogerReaderRebuild;
			sourceTree = "<group>";
		};
		878450711BAE5D2E0033E2BD /* Supporting Files */ = {
			isa = PBXGroup;
			children = (
				878450721BAE5D2E0033E2BD /* Info.plist */,
				878450731BAE5D2E0033E2BD /* main.m */,
			);
			name = "Supporting Files";
			sourceTree = "<group>";
		};
		8784508A1BAE5D2E0033E2BD /* BlogerReaderRebuildTests */ = {
			isa = PBXGroup;
			children = (
				8784508D1BAE5D2E0033E2BD /* BlogerReaderRebuildTests.m */,
				8784508B1BAE5D2E0033E2BD /* Supporting Files */,
			);
			path = BlogerReaderRebuildTests;
			sourceTree = "<group>";
		};
		8784508B1BAE5D2E0033E2BD /* Supporting Files */ = {
			isa = PBXGroup;
			children = (
				8784508C1BAE5D2E0033E2BD /* Info.plist */,
			);
			name = "Supporting Files";
			sourceTree = "<group>";
		};
/* End PBXGroup section */

/* Begin PBXNativeTarget section */
		8784506D1BAE5D2E0033E2BD /* BlogerReaderRebuild */ = {
			isa = PBXNativeTarget;
			buildConfigurationList = 878450911BAE5D2E0033E2BD /* Build configuration list for PBXNativeTarget "BlogerReaderRebuild" */;
			buildPhases = (
				8784506A1BAE5D2E0033E2BD /* Sources */,
				8784506B1BAE5D2E0033E2BD /* Frameworks */,
				8784506C1BAE5D2E0033E2BD /* Resources */,
			);
			buildRules = (
			);
			dependencies = (
			);
			name = BlogerReaderRebuild;
			productName = BlogerReaderRebuild;
			productReference = 8784506E1BAE5D2E0033E2BD /* BlogerReaderRebuild.app */;
			productType = "com.apple.product-type.application";
		};
		878450861BAE5D2E0033E2BD /* BlogerReaderRebuildTests */ = {
			isa = PBXNativeTarget;
			buildConfigurationList = 878450941BAE5D2E0033E2BD /* Build configuration list for PBXNativeTarget "BlogerReaderRebuildTests" */;
			buildPhases = (
				878450831BAE5D2E0033E2BD /* Sources */,
				878450841BAE5D2E0033E2BD /* Frameworks */,
				878450851BAE5D2E0033E2BD /* Resources */,
			);
			buildRules = (
			);
			dependencies = (
				878450891BAE5D2E0033E2BD /* PBXTargetDependency */,
			);
			name = BlogerReaderRebuildTests;
			productName = BlogerReaderRebuildTests;
			productReference = 878450871BAE5D2E0033E2BD /* BlogerReaderRebuildTests.xctest */;
			productType = "com.apple.product-type.bundle.unit-test";
		};
/* End PBXNativeTarget section */

/* Begin PBXProject section */
		878450661BAE5D2E0033E2BD /* Project object */ = {
			isa = PBXProject;
			attributes = {
				LastUpgradeCheck = 0700;
				ORGANIZATIONNAME = "Jian Su";
				TargetAttributes = {
					8784506D1BAE5D2E0033E2BD = {
						CreatedOnToolsVersion = 6.4;
					};
					878450861BAE5D2E0033E2BD = {
						CreatedOnToolsVersion = 6.4;
						TestTargetID = 8784506D1BAE5D2E0033E2BD;
					};
				};
			};
			buildConfigurationList = 878450691BAE5D2E0033E2BD /* Build configuration list for PBXProject "BlogerReaderRebuild" */;
			compatibilityVersion = "Xcode 3.2";
			developmentRegion = English;
			hasScannedForEncodings = 0;
			knownRegions = (
				en,
				Base,
			);
			mainGroup = 878450651BAE5D2E0033E2BD;
			productRefGroup = 8784506F1BAE5D2E0033E2BD /* Products */;
			projectDirPath = "";
			projectRoot = "";
			targets = (
				8784506D1BAE5D2E0033E2BD /* BlogerReaderRebuild */,
				878450861BAE5D2E0033E2BD /* BlogerReaderRebuildTests */,
			);
		};
/* End PBXProject section */

/* Begin PBXResourcesBuildPhase section */
		8784506C1BAE5D2E0033E2BD /* Resources */ = {
			isa = PBXResourcesBuildPhase;
			buildActionMask = 2147483647;
			files = (
				8784507D1BAE5D2E0033E2BD /* Main.storyboard in Resources */,
				87EBFEDF1BB1278900D70F5B /* Default-568h@2x.png in Resources */,
				878450821BAE5D2E0033E2BD /* LaunchScreen.xib in Resources */,
				8784507F1BAE5D2E0033E2BD /* Images.xcassets in Resources */,
			);
			runOnlyForDeploymentPostprocessing = 0;
		};
		878450851BAE5D2E0033E2BD /* Resources */ = {
			isa = PBXResourcesBuildPhase;
			buildActionMask = 2147483647;
			files = (
			);
			runOnlyForDeploymentPostprocessing = 0;
		};
/* End PBXResourcesBuildPhase section */

/* Begin PBXSourcesBuildPhase section */
		8784506A1BAE5D2E0033E2BD /* Sources */ = {
			isa = PBXSourcesBuildPhase;
			buildActionMask = 2147483647;
			files = (
				878450991BAE6A3A0033E2BD /* TableTableViewController.m in Sources */,
				878450771BAE5D2E0033E2BD /* AppDelegate.m in Sources */,
				878450741BAE5D2E0033E2BD /* main.m in Sources */,
			);
			runOnlyForDeploymentPostprocessing = 0;
		};
		878450831BAE5D2E0033E2BD /* Sources */ = {
			isa = PBXSourcesBuildPhase;
			buildActionMask = 2147483647;
			files = (
				8784508E1BAE5D2E0033E2BD /* BlogerReaderRebuildTests.m in Sources */,
			);
			runOnlyForDeploymentPostprocessing = 0;
		};
/* End PBXSourcesBuildPhase section */

/* Begin PBXTargetDependency section */
		878450891BAE5D2E0033E2BD /* PBXTargetDependency */ = {
			isa = PBXTargetDependency;
			target = 8784506D1BAE5D2E0033E2BD /* BlogerReaderRebuild */;
			targetProxy = 878450881BAE5D2E0033E2BD /* PBXContainerItemProxy */;
		};
/* End PBXTargetDependency section */

/* Begin PBXVariantGroup section */
		8784507B1BAE5D2E0033E2BD /* Main.storyboard */ = {
			isa = PBXVariantGroup;
			children = (
				8784507C1BAE5D2E0033E2BD /* Base */,
			);
			name = Main.storyboard;
			sourceTree = "<group>";
		};
		878450801BAE5D2E0033E2BD /* LaunchScreen.xib */ = {
			isa = PBXVariantGroup;
			children = (
				878450811BAE5D2E0033E2BD /* Base */,
			);
			name = LaunchScreen.xib;
			sourceTree = "<group>";
		};
/* End PBXVariantGroup section */

/* Begin XCBuildConfiguration section */
		8784508F1BAE5D2E0033E2BD /* Debug */ = {
			isa = XCBuildConfiguration;
			buildSettings = {
				ALWAYS_SEARCH_USER_PATHS = NO;
				CLANG_CXX_LANGUAGE_STANDARD = "gnu++0x";
				CLANG_CXX_LIBRARY = "libc++";
				CLANG_ENABLE_MODULES = YES;
				CLANG_ENABLE_OBJC_ARC = YES;
				CLANG_WARN_BOOL_CONVERSION = YES;
				CLANG_WARN_CONSTANT_CONVERSION = YES;
				CLANG_WARN_DIRECT_OBJC_ISA_USAGE = YES_ERROR;
				CLANG_WARN_EMPTY_BODY = YES;
				CLANG_WARN_ENUM_CONVERSION = YES;
				CLANG_WARN_INT_CONVERSION = YES;
				CLANG_WARN_OBJC_ROOT_CLASS = YES_ERROR;
				CLANG_WARN_UNREACHABLE_CODE = YES;
				CLANG_WARN__DUPLICATE_METHOD_MATCH = YES;
				"CODE_SIGN_IDENTITY[sdk=iphoneos*]" = "iPhone Developer";
				COPY_PHASE_STRIP = NO;
				DEBUG_INFORMATION_FORMAT = "dwarf-with-dsym";
				ENABLE_STRICT_OBJC_MSGSEND = YES;
				ENABLE_TESTABILITY = YES;
				GCC_C_LANGUAGE_STANDARD = gnu99;
				GCC_DYNAMIC_NO_PIC = NO;
				GCC_NO_COMMON_BLOCKS = YES;
				GCC_OPTIMIZATION_LEVEL = 0;
				GCC_PREPROCESSOR_DEFINITIONS = (
					"DEBUG=1",
					"$(inherited)",
				);
				GCC_SYMBOLS_PRIVATE_EXTERN = NO;
				GCC_WARN_64_TO_32_BIT_CONVERSION = YES;
				GCC_WARN_ABOUT_RETURN_TYPE = YES_ERROR;
				GCC_WARN_UNDECLARED_SELECTOR = YES;
				GCC_WARN_UNINITIALIZED_AUTOS = YES_AGGRESSIVE;
				GCC_WARN_UNUSED_FUNCTION = YES;
				GCC_WARN_UNUSED_VARIABLE = YES;
				IPHONEOS_DEPLOYMENT_TARGET = 8.4;
				MTL_ENABLE_DEBUG_INFO = YES;
				ONLY_ACTIVE_ARCH = YES;
				SDKROOT = iphoneos;
			};
			name = Debug;
		};
		878450901BAE5D2E0033E2BD /* Release */ = {
			isa = XCBuildConfiguration;
			buildSettings = {
				ALWAYS_SEARCH_USER_PATHS = NO;
				CLANG_CXX_LANGUAGE_STANDARD = "gnu++0x";
				CLANG_CXX_LIBRARY = "libc++";
				CLANG_ENABLE_MODULES = YES;
				CLANG_ENABLE_OBJC_ARC = YES;
				CLANG_WARN_BOOL_CONVERSION = YES;
				CLANG_WARN_CONSTANT_CONVERSION = YES;
				CLANG_WARN_DIRECT_OBJC_ISA_USAGE = YES_ERROR;
				CLANG_WARN_EMPTY_BODY = YES;
				CLANG_WARN_ENUM_CONVERSION = YES;
				CLANG_WARN_INT_CONVERSION = YES;
				CLANG_WARN_OBJC_ROOT_CLASS = YES_ERROR;
				CLANG_WARN_UNREACHABLE_CODE = YES;
				CLANG_WARN__DUPLICATE_METHOD_MATCH = YES;
				"CODE_SIGN_IDENTITY[sdk=iphoneos*]" = "iPhone Developer";
				COPY_PHASE_STRIP = NO;
				DEBUG_INFORMATION_FORMAT = "dwarf-with-dsym";
				ENABLE_NS_ASSERTIONS = NO;
				ENABLE_STRICT_OBJC_MSGSEND = YES;
				GCC_C_LANGUAGE_STANDARD = gnu99;
				GCC_NO_COMMON_BLOCKS = YES;
				GCC_WARN_64_TO_32_BIT_CONVERSION = YES;
				GCC_WARN_ABOUT_RETURN_TYPE = YES_ERROR;
				GCC_WARN_UNDECLARED_SELECTOR = YES;
				GCC_WARN_UNINITIALIZED_AUTOS = YES_AGGRESSIVE;
				GCC_WARN_UNUSED_FUNCTION = YES;
				GCC_WARN_UNUSED_VARIABLE = YES;
				IPHONEOS_DEPLOYMENT_TARGET = 8.4;
				MTL_ENABLE_DEBUG_INFO = NO;
				SDKROOT = iphoneos;
				VALIDATE_PRODUCT = YES;
			};
			name = Release;
		};
		878450921BAE5D2E0033E2BD /* Debug */ = {
			isa = XCBuildConfiguration;
			buildSettings = {
				ASSETCATALOG_COMPILER_APPICON_NAME = AppIcon;
				INFOPLIST_FILE = BlogerReaderRebuild/Info.plist;
				LD_RUNPATH_SEARCH_PATHS = "$(inherited) @executable_path/Frameworks";
				PRODUCT_BUNDLE_IDENTIFIER = "org.xzerox.$(PRODUCT_NAME:rfc1034identifier)";
				PRODUCT_NAME = "$(TARGET_NAME)";
			};
			name = Debug;
		};
		878450931BAE5D2E0033E2BD /* Release */ = {
			isa = XCBuildConfiguration;
			buildSettings = {
				ASSETCATALOG_COMPILER_APPICON_NAME = AppIcon;
				INFOPLIST_FILE = BlogerReaderRebuild/Info.plist;
				LD_RUNPATH_SEARCH_PATHS = "$(inherited) @executable_path/Frameworks";
				PRODUCT_BUNDLE_IDENTIFIER = "org.xzerox.$(PRODUCT_NAME:rfc1034identifier)";
				PRODUCT_NAME = "$(TARGET_NAME)";
			};
			name = Release;
		};
		878450951BAE5D2E0033E2BD /* Debug */ = {
			isa = XCBuildConfiguration;
			buildSettings = {
				BUNDLE_LOADER = "$(TEST_HOST)";
				FRAMEWORK_SEARCH_PATHS = (
					"$(SDKROOT)/Developer/Library/Frameworks",
					"$(inherited)",
				);
				GCC_PREPROCESSOR_DEFINITIONS = (
					"DEBUG=1",
					"$(inherited)",
				);
				INFOPLIST_FILE = BlogerReaderRebuildTests/Info.plist;
				LD_RUNPATH_SEARCH_PATHS = "$(inherited) @executable_path/Frameworks @loader_path/Frameworks";
				PRODUCT_BUNDLE_IDENTIFIER = "org.xzerox.$(PRODUCT_NAME:rfc1034identifier)";
				PRODUCT_NAME = "$(TARGET_NAME)";
				TEST_HOST = "$(BUILT_PRODUCTS_DIR)/BlogerReaderRebuild.app/BlogerReaderRebuild";
			};
			name = Debug;
		};
		878450961BAE5D2E0033E2BD /* Release */ = {
			isa = XCBuildConfiguration;
			buildSettings = {
				BUNDLE_LOADER = "$(TEST_HOST)";
				FRAMEWORK_SEARCH_PATHS = (
					"$(SDKROOT)/Developer/Library/Frameworks",
					"$(inherited)",
				);
				INFOPLIST_FILE = BlogerReaderRebuildTests/Info.plist;
				LD_RUNPATH_SEARCH_PATHS = "$(inherited) @executable_path/Frameworks @loader_path/Frameworks";
				PRODUCT_BUNDLE_IDENTIFIER = "org.xzerox.$(PRODUCT_NAME:rfc1034identifier)";
				PRODUCT_NAME = "$(TARGET_NAME)";
				TEST_HOST = "$(BUILT_PRODUCTS_DIR)/BlogerReaderRebuild.app/BlogerReaderRebuild";
			};
			name = Release;
		};
/* End XCBuildConfiguration section */

/* Begin XCConfigurationList section */
		878450691BAE5D2E0033E2BD /* Build configuration list for PBXProject "BlogerReaderRebuild" */ = {
			isa = XCConfigurationList;
			buildConfigurations = (
				8784508F1BAE5D2E0033E2BD /* Debug */,
				878450901BAE5D2E0033E2BD /* Release */,
			);
			defaultConfigurationIsVisible = 0;
			defaultConfigurationName = Release;
		};
		878450911BAE5D2E0033E2BD /* Build configuration list for PBXNativeTarget "BlogerReaderRebuild" */ = {
			isa = XCConfigurationList;
			buildConfigurations = (
				878450921BAE5D2E0033E2BD /* Debug */,
				878450931BAE5D2E0033E2BD /* Release */,
			);
			defaultConfigurationIsVisible = 0;
			defaultConfigurationName = Release;
		};
		878450941BAE5D2E0033E2BD /* Build configuration list for PBXNativeTarget "BlogerReaderRebuildTests" */ = {
			isa = XCConfigurationList;
			buildConfigurations = (
				878450951BAE5D2E0033E2BD /* Debug */,
				878450961BAE5D2E0033E2BD /* Release */,
			);
			defaultConfigurationIsVisible = 0;
			defaultConfigurationName = Release;
		};
/* End XCConfigurationList section */
	};
	rootObject = 878450661BAE5D2E0033E2BD /* Project object */;
}
