// !$*UTF8*$!
{
	archiveVersion = 1;
	classes = {
	};
	objectVersion = 46;
	objects = {

/* Begin PBXBuildFile section */
		877721A71B9FDC4C00013B72 /* main.m in Sources */ = {isa = PBXBuildFile; fileRef = 877721A61B9FDC4C00013B72 /* main.m */; };
		877721AA1B9FDC4C00013B72 /* AppDelegate.m in Sources */ = {isa = PBXBuildFile; fileRef = 877721A91B9FDC4C00013B72 /* AppDelegate.m */; };
		877721AD1B9FDC4C00013B72 /* PlaylistMasterViewController.m in Sources */ = {isa = PBXBuildFile; fileRef = 877721AC1B9FDC4C00013B72 /* PlaylistMasterViewController.m */; };
		877721B01B9FDC4C00013B72 /* Main.storyboard in Resources */ = {isa = PBXBuildFile; fileRef = 877721AE1B9FDC4C00013B72 /* Main.storyboard */; };
		877721B21B9FDC4C00013B72 /* Images.xcassets in Resources */ = {isa = PBXBuildFile; fileRef = 877721B11B9FDC4C00013B72 /* Images.xcassets */; };
		877721B51B9FDC4C00013B72 /* LaunchScreen.xib in Resources */ = {isa = PBXBuildFile; fileRef = 877721B31B9FDC4C00013B72 /* LaunchScreen.xib */; };
		877721C11B9FDC4C00013B72 /* AlgorthythmTests.m in Sources */ = {isa = PBXBuildFile; fileRef = 877721C01B9FDC4C00013B72 /* AlgorthythmTests.m */; };
		877721CC1B9FE88900013B72 /* PlaylistDetailViewController.m in Sources */ = {isa = PBXBuildFile; fileRef = 877721CB1B9FE88900013B72 /* PlaylistDetailViewController.m */; };
/* End PBXBuildFile section */

/* Begin PBXContainerItemProxy section */
		877721BB1B9FDC4C00013B72 /* PBXContainerItemProxy */ = {
			isa = PBXContainerItemProxy;
			containerPortal = 877721991B9FDC4C00013B72 /* Project object */;
			proxyType = 1;
			remoteGlobalIDString = 877721A01B9FDC4C00013B72;
			remoteInfo = Algorthythm;
		};
/* End PBXContainerItemProxy section */

/* Begin PBXFileReference section */
		877721A11B9FDC4C00013B72 /* Algorthythm.app */ = {isa = PBXFileReference; explicitFileType = wrapper.application; includeInIndex = 0; path = Algorthythm.app; sourceTree = BUILT_PRODUCTS_DIR; };
		877721A51B9FDC4C00013B72 /* Info.plist */ = {isa = PBXFileReference; lastKnownFileType = text.plist.xml; path = Info.plist; sourceTree = "<group>"; };
		877721A61B9FDC4C00013B72 /* main.m */ = {isa = PBXFileReference; lastKnownFileType = sourcecode.c.objc; path = main.m; sourceTree = "<group>"; };
		877721A81B9FDC4C00013B72 /* AppDelegate.h */ = {isa = PBXFileReference; lastKnownFileType = sourcecode.c.h; path = AppDelegate.h; sourceTree = "<group>"; };
		877721A91B9FDC4C00013B72 /* AppDelegate.m */ = {isa = PBXFileReference; lastKnownFileType = sourcecode.c.objc; path = AppDelegate.m; sourceTree = "<group>"; };
		877721AB1B9FDC4C00013B72 /* PlaylistMasterViewController.h */ = {isa = PBXFileReference; lastKnownFileType = sourcecode.c.h; path = PlaylistMasterViewController.h; sourceTree = "<group>"; };
		877721AC1B9FDC4C00013B72 /* PlaylistMasterViewController.m */ = {isa = PBXFileReference; lastKnownFileType = sourcecode.c.objc; path = PlaylistMasterViewController.m; sourceTree = "<group>"; };
		877721AF1B9FDC4C00013B72 /* Base */ = {isa = PBXFileReference; lastKnownFileType = file.storyboard; name = Base; path = Base.lproj/Main.storyboard; sourceTree = "<group>"; };
		877721B11B9FDC4C00013B72 /* Images.xcassets */ = {isa = PBXFileReference; lastKnownFileType = folder.assetcatalog; path = Images.xcassets; sourceTree = "<group>"; };
		877721B41B9FDC4C00013B72 /* Base */ = {isa = PBXFileReference; lastKnownFileType = file.xib; name = Base; path = Base.lproj/LaunchScreen.xib; sourceTree = "<group>"; };
		877721BA1B9FDC4C00013B72 /* AlgorthythmTests.xctest */ = {isa = PBXFileReference; explicitFileType = wrapper.cfbundle; includeInIndex = 0; path = AlgorthythmTests.xctest; sourceTree = BUILT_PRODUCTS_DIR; };
		877721BF1B9FDC4C00013B72 /* Info.plist */ = {isa = PBXFileReference; lastKnownFileType = text.plist.xml; path = Info.plist; sourceTree = "<group>"; };
		877721C01B9FDC4C00013B72 /* AlgorthythmTests.m */ = {isa = PBXFileReference; lastKnownFileType = sourcecode.c.objc; path = AlgorthythmTests.m; sourceTree = "<group>"; };
		877721CA1B9FE88900013B72 /* PlaylistDetailViewController.h */ = {isa = PBXFileReference; fileEncoding = 4; lastKnownFileType = sourcecode.c.h; path = PlaylistDetailViewController.h; sourceTree = "<group>"; };
		877721CB1B9FE88900013B72 /* PlaylistDetailViewController.m */ = {isa = PBXFileReference; fileEncoding = 4; lastKnownFileType = sourcecode.c.objc; path = PlaylistDetailViewController.m; sourceTree = "<group>"; };
/* End PBXFileReference section */

/* Begin PBXFrameworksBuildPhase section */
		8777219E1B9FDC4C00013B72 /* Frameworks */ = {
			isa = PBXFrameworksBuildPhase;
			buildActionMask = 2147483647;
			files = (
			);
			runOnlyForDeploymentPostprocessing = 0;
		};
		877721B71B9FDC4C00013B72 /* Frameworks */ = {
			isa = PBXFrameworksBuildPhase;
			buildActionMask = 2147483647;
			files = (
			);
			runOnlyForDeploymentPostprocessing = 0;
		};
/* End PBXFrameworksBuildPhase section */

/* Begin PBXGroup section */
		877721981B9FDC4C00013B72 = {
			isa = PBXGroup;
			children = (
				877721A31B9FDC4C00013B72 /* Algorthythm */,
				877721BD1B9FDC4C00013B72 /* AlgorthythmTests */,
				877721A21B9FDC4C00013B72 /* Products */,
			);
			sourceTree = "<group>";
		};
		877721A21B9FDC4C00013B72 /* Products */ = {
			isa = PBXGroup;
			children = (
				877721A11B9FDC4C00013B72 /* Algorthythm.app */,
				877721BA1B9FDC4C00013B72 /* AlgorthythmTests.xctest */,
			);
			name = Products;
			sourceTree = "<group>";
		};
		877721A31B9FDC4C00013B72 /* Algorthythm */ = {
			isa = PBXGroup;
			children = (
				877721A81B9FDC4C00013B72 /* AppDelegate.h */,
				877721A91B9FDC4C00013B72 /* AppDelegate.m */,
				877721AB1B9FDC4C00013B72 /* PlaylistMasterViewController.h */,
				877721AC1B9FDC4C00013B72 /* PlaylistMasterViewController.m */,
				877721CA1B9FE88900013B72 /* PlaylistDetailViewController.h */,
				877721CB1B9FE88900013B72 /* PlaylistDetailViewController.m */,
				877721AE1B9FDC4C00013B72 /* Main.storyboard */,
				877721B11B9FDC4C00013B72 /* Images.xcassets */,
				877721B31B9FDC4C00013B72 /* LaunchScreen.xib */,
				877721A41B9FDC4C00013B72 /* Supporting Files */,
			);
			path = Algorthythm;
			sourceTree = "<group>";
		};
		877721A41B9FDC4C00013B72 /* Supporting Files */ = {
			isa = PBXGroup;
			children = (
				877721A51B9FDC4C00013B72 /* Info.plist */,
				877721A61B9FDC4C00013B72 /* main.m */,
			);
			name = "Supporting Files";
			sourceTree = "<group>";
		};
		877721BD1B9FDC4C00013B72 /* AlgorthythmTests */ = {
			isa = PBXGroup;
			children = (
				877721C01B9FDC4C00013B72 /* AlgorthythmTests.m */,
				877721BE1B9FDC4C00013B72 /* Supporting Files */,
			);
			path = AlgorthythmTests;
			sourceTree = "<group>";
		};
		877721BE1B9FDC4C00013B72 /* Supporting Files */ = {
			isa = PBXGroup;
			children = (
				877721BF1B9FDC4C00013B72 /* Info.plist */,
			);
			name = "Supporting Files";
			sourceTree = "<group>";
		};
/* End PBXGroup section */

/* Begin PBXNativeTarget section */
		877721A01B9FDC4C00013B72 /* Algorthythm */ = {
			isa = PBXNativeTarget;
			buildConfigurationList = 877721C41B9FDC4C00013B72 /* Build configuration list for PBXNativeTarget "Algorthythm" */;
			buildPhases = (
				8777219D1B9FDC4C00013B72 /* Sources */,
				8777219E1B9FDC4C00013B72 /* Frameworks */,
				8777219F1B9FDC4C00013B72 /* Resources */,
			);
			buildRules = (
			);
			dependencies = (
			);
			name = Algorthythm;
			productName = Algorthythm;
			productReference = 877721A11B9FDC4C00013B72 /* Algorthythm.app */;
			productType = "com.apple.product-type.application";
		};
		877721B91B9FDC4C00013B72 /* AlgorthythmTests */ = {
			isa = PBXNativeTarget;
			buildConfigurationList = 877721C71B9FDC4C00013B72 /* Build configuration list for PBXNativeTarget "AlgorthythmTests" */;
			buildPhases = (
				877721B61B9FDC4C00013B72 /* Sources */,
				877721B71B9FDC4C00013B72 /* Frameworks */,
				877721B81B9FDC4C00013B72 /* Resources */,
			);
			buildRules = (
			);
			dependencies = (
				877721BC1B9FDC4C00013B72 /* PBXTargetDependency */,
			);
			name = AlgorthythmTests;
			productName = AlgorthythmTests;
			productReference = 877721BA1B9FDC4C00013B72 /* AlgorthythmTests.xctest */;
			productType = "com.apple.product-type.bundle.unit-test";
		};
/* End PBXNativeTarget section */

/* Begin PBXProject section */
		877721991B9FDC4C00013B72 /* Project object */ = {
			isa = PBXProject;
			attributes = {
				LastUpgradeCheck = 0640;
				ORGANIZATIONNAME = "Jian Su";
				TargetAttributes = {
					877721A01B9FDC4C00013B72 = {
						CreatedOnToolsVersion = 6.4;
					};
					877721B91B9FDC4C00013B72 = {
						CreatedOnToolsVersion = 6.4;
						TestTargetID = 877721A01B9FDC4C00013B72;
					};
				};
			};
			buildConfigurationList = 8777219C1B9FDC4C00013B72 /* Build configuration list for PBXProject "Algorthythm" */;
			compatibilityVersion = "Xcode 3.2";
			developmentRegion = English;
			hasScannedForEncodings = 0;
			knownRegions = (
				en,
				Base,
			);
			mainGroup = 877721981B9FDC4C00013B72;
			productRefGroup = 877721A21B9FDC4C00013B72 /* Products */;
			projectDirPath = "";
			projectRoot = "";
			targets = (
				877721A01B9FDC4C00013B72 /* Algorthythm */,
				877721B91B9FDC4C00013B72 /* AlgorthythmTests */,
			);
		};
/* End PBXProject section */

/* Begin PBXResourcesBuildPhase section */
		8777219F1B9FDC4C00013B72 /* Resources */ = {
			isa = PBXResourcesBuildPhase;
			buildActionMask = 2147483647;
			files = (
				877721B01B9FDC4C00013B72 /* Main.storyboard in Resources */,
				877721B51B9FDC4C00013B72 /* LaunchScreen.xib in Resources */,
				877721B21B9FDC4C00013B72 /* Images.xcassets in Resources */,
			);
			runOnlyForDeploymentPostprocessing = 0;
		};
		877721B81B9FDC4C00013B72 /* Resources */ = {
			isa = PBXResourcesBuildPhase;
			buildActionMask = 2147483647;
			files = (
			);
			runOnlyForDeploymentPostprocessing = 0;
		};
/* End PBXResourcesBuildPhase section */

/* Begin PBXSourcesBuildPhase section */
		8777219D1B9FDC4C00013B72 /* Sources */ = {
			isa = PBXSourcesBuildPhase;
			buildActionMask = 2147483647;
			files = (
				877721AD1B9FDC4C00013B72 /* PlaylistMasterViewController.m in Sources */,
				877721CC1B9FE88900013B72 /* PlaylistDetailViewController.m in Sources */,
				877721AA1B9FDC4C00013B72 /* AppDelegate.m in Sources */,
				877721A71B9FDC4C00013B72 /* main.m in Sources */,
			);
			runOnlyForDeploymentPostprocessing = 0;
		};
		877721B61B9FDC4C00013B72 /* Sources */ = {
			isa = PBXSourcesBuildPhase;
			buildActionMask = 2147483647;
			files = (
				877721C11B9FDC4C00013B72 /* AlgorthythmTests.m in Sources */,
			);
			runOnlyForDeploymentPostprocessing = 0;
		};
/* End PBXSourcesBuildPhase section */

/* Begin PBXTargetDependency section */
		877721BC1B9FDC4C00013B72 /* PBXTargetDependency */ = {
			isa = PBXTargetDependency;
			target = 877721A01B9FDC4C00013B72 /* Algorthythm */;
			targetProxy = 877721BB1B9FDC4C00013B72 /* PBXContainerItemProxy */;
		};
/* End PBXTargetDependency section */

/* Begin PBXVariantGroup section */
		877721AE1B9FDC4C00013B72 /* Main.storyboard */ = {
			isa = PBXVariantGroup;
			children = (
				877721AF1B9FDC4C00013B72 /* Base */,
			);
			name = Main.storyboard;
			sourceTree = "<group>";
		};
		877721B31B9FDC4C00013B72 /* LaunchScreen.xib */ = {
			isa = PBXVariantGroup;
			children = (
				877721B41B9FDC4C00013B72 /* Base */,
			);
			name = LaunchScreen.xib;
			sourceTree = "<group>";
		};
/* End PBXVariantGroup section */

/* Begin XCBuildConfiguration section */
		877721C21B9FDC4C00013B72 /* Debug */ = {
			isa = XCBuildConfiguration;
			buildSettings = {
				ALWAYS_SEARCH_USER_PATHS = NO;
				CLANG_CXX_LANGUAGE_STANDARD = "gnu++0x";
				CLANG_CXX_LIBRARY = "libc++";
				CLANG_ENABLE_MODULES = YES;
				CLANG_ENABLE_OBJC_ARC = YES;
				CLANG_WARN_BOOL_CONVERSION = YES;
				CLANG_WARN_CONSTANT_CONVERSION = YES;
				CLANG_WARN_DIRECT_OBJC_ISA_USAGE = YES_ERROR;
				CLANG_WARN_EMPTY_BODY = YES;
				CLANG_WARN_ENUM_CONVERSION = YES;
				CLANG_WARN_INT_CONVERSION = YES;
				CLANG_WARN_OBJC_ROOT_CLASS = YES_ERROR;
				CLANG_WARN_UNREACHABLE_CODE = YES;
				CLANG_WARN__DUPLICATE_METHOD_MATCH = YES;
				"CODE_SIGN_IDENTITY[sdk=iphoneos*]" = "iPhone Developer";
				COPY_PHASE_STRIP = NO;
				DEBUG_INFORMATION_FORMAT = "dwarf-with-dsym";
				ENABLE_STRICT_OBJC_MSGSEND = YES;
				GCC_C_LANGUAGE_STANDARD = gnu99;
				GCC_DYNAMIC_NO_PIC = NO;
				GCC_NO_COMMON_BLOCKS = YES;
				GCC_OPTIMIZATION_LEVEL = 0;
				GCC_PREPROCESSOR_DEFINITIONS = (
					"DEBUG=1",
					"$(inherited)",
				);
				GCC_SYMBOLS_PRIVATE_EXTERN = NO;
				GCC_WARN_64_TO_32_BIT_CONVERSION = YES;
				GCC_WARN_ABOUT_RETURN_TYPE = YES_ERROR;
				GCC_WARN_UNDECLARED_SELECTOR = YES;
				GCC_WARN_UNINITIALIZED_AUTOS = YES_AGGRESSIVE;
				GCC_WARN_UNUSED_FUNCTION = YES;
				GCC_WARN_UNUSED_VARIABLE = YES;
				IPHONEOS_DEPLOYMENT_TARGET = 8.4;
				MTL_ENABLE_DEBUG_INFO = YES;
				ONLY_ACTIVE_ARCH = YES;
				SDKROOT = iphoneos;
			};
			name = Debug;
		};
		877721C31B9FDC4C00013B72 /* Release */ = {
			isa = XCBuildConfiguration;
			buildSettings = {
				ALWAYS_SEARCH_USER_PATHS = NO;
				CLANG_CXX_LANGUAGE_STANDARD = "gnu++0x";
				CLANG_CXX_LIBRARY = "libc++";
				CLANG_ENABLE_MODULES = YES;
				CLANG_ENABLE_OBJC_ARC = YES;
				CLANG_WARN_BOOL_CONVERSION = YES;
				CLANG_WARN_CONSTANT_CONVERSION = YES;
				CLANG_WARN_DIRECT_OBJC_ISA_USAGE = YES_ERROR;
				CLANG_WARN_EMPTY_BODY = YES;
				CLANG_WARN_ENUM_CONVERSION = YES;
				CLANG_WARN_INT_CONVERSION = YES;
				CLANG_WARN_OBJC_ROOT_CLASS = YES_ERROR;
				CLANG_WARN_UNREACHABLE_CODE = YES;
				CLANG_WARN__DUPLICATE_METHOD_MATCH = YES;
				"CODE_SIGN_IDENTITY[sdk=iphoneos*]" = "iPhone Developer";
				COPY_PHASE_STRIP = NO;
				DEBUG_INFORMATION_FORMAT = "dwarf-with-dsym";
				ENABLE_NS_ASSERTIONS = NO;
				ENABLE_STRICT_OBJC_MSGSEND = YES;
				GCC_C_LANGUAGE_STANDARD = gnu99;
				GCC_NO_COMMON_BLOCKS = YES;
				GCC_WARN_64_TO_32_BIT_CONVERSION = YES;
				GCC_WARN_ABOUT_RETURN_TYPE = YES_ERROR;
				GCC_WARN_UNDECLARED_SELECTOR = YES;
				GCC_WARN_UNINITIALIZED_AUTOS = YES_AGGRESSIVE;
				GCC_WARN_UNUSED_FUNCTION = YES;
				GCC_WARN_UNUSED_VARIABLE = YES;
				IPHONEOS_DEPLOYMENT_TARGET = 8.4;
				MTL_ENABLE_DEBUG_INFO = NO;
				SDKROOT = iphoneos;
				VALIDATE_PRODUCT = YES;
			};
			name = Release;
		};
		877721C51B9FDC4C00013B72 /* Debug */ = {
			isa = XCBuildConfiguration;
			buildSettings = {
				ASSETCATALOG_COMPILER_APPICON_NAME = AppIcon;
				INFOPLIST_FILE = Algorthythm/Info.plist;
				LD_RUNPATH_SEARCH_PATHS = "$(inherited) @executable_path/Frameworks";
				PRODUCT_NAME = "$(TARGET_NAME)";
			};
			name = Debug;
		};
		877721C61B9FDC4C00013B72 /* Release */ = {
			isa = XCBuildConfiguration;
			buildSettings = {
				ASSETCATALOG_COMPILER_APPICON_NAME = AppIcon;
				INFOPLIST_FILE = Algorthythm/Info.plist;
				LD_RUNPATH_SEARCH_PATHS = "$(inherited) @executable_path/Frameworks";
				PRODUCT_NAME = "$(TARGET_NAME)";
			};
			name = Release;
		};
		877721C81B9FDC4C00013B72 /* Debug */ = {
			isa = XCBuildConfiguration;
			buildSettings = {
				BUNDLE_LOADER = "$(TEST_HOST)";
				FRAMEWORK_SEARCH_PATHS = (
					"$(SDKROOT)/Developer/Library/Frameworks",
					"$(inherited)",
				);
				GCC_PREPROCESSOR_DEFINITIONS = (
					"DEBUG=1",
					"$(inherited)",
				);
				INFOPLIST_FILE = AlgorthythmTests/Info.plist;
				LD_RUNPATH_SEARCH_PATHS = "$(inherited) @executable_path/Frameworks @loader_path/Frameworks";
				PRODUCT_NAME = "$(TARGET_NAME)";
				TEST_HOST = "$(BUILT_PRODUCTS_DIR)/Algorthythm.app/Algorthythm";
			};
			name = Debug;
		};
		877721C91B9FDC4C00013B72 /* Release */ = {
			isa = XCBuildConfiguration;
			buildSettings = {
				BUNDLE_LOADER = "$(TEST_HOST)";
				FRAMEWORK_SEARCH_PATHS = (
					"$(SDKROOT)/Developer/Library/Frameworks",
					"$(inherited)",
				);
				INFOPLIST_FILE = AlgorthythmTests/Info.plist;
				LD_RUNPATH_SEARCH_PATHS = "$(inherited) @executable_path/Frameworks @loader_path/Frameworks";
				PRODUCT_NAME = "$(TARGET_NAME)";
				TEST_HOST = "$(BUILT_PRODUCTS_DIR)/Algorthythm.app/Algorthythm";
			};
			name = Release;
		};
/* End XCBuildConfiguration section */

/* Begin XCConfigurationList section */
		8777219C1B9FDC4C00013B72 /* Build configuration list for PBXProject "Algorthythm" */ = {
			isa = XCConfigurationList;
			buildConfigurations = (
				877721C21B9FDC4C00013B72 /* Debug */,
				877721C31B9FDC4C00013B72 /* Release */,
			);
			defaultConfigurationIsVisible = 0;
			defaultConfigurationName = Release;
		};
		877721C41B9FDC4C00013B72 /* Build configuration list for PBXNativeTarget "Algorthythm" */ = {
			isa = XCConfigurationList;
			buildConfigurations = (
				877721C51B9FDC4C00013B72 /* Debug */,
				877721C61B9FDC4C00013B72 /* Release */,
			);
			defaultConfigurationIsVisible = 0;
		};
		877721C71B9FDC4C00013B72 /* Build configuration list for PBXNativeTarget "AlgorthythmTests" */ = {
			isa = XCConfigurationList;
			buildConfigurations = (
				877721C81B9FDC4C00013B72 /* Debug */,
				877721C91B9FDC4C00013B72 /* Release */,
			);
			defaultConfigurationIsVisible = 0;
		};
/* End XCConfigurationList section */
	};
	rootObject = 877721991B9FDC4C00013B72 /* Project object */;
}
