// !$*UTF8*$!
{
	archiveVersion = 1;
	classes = {
	};
	objectVersion = 46;
	objects = {

/* Begin PBXBuildFile section */
		8706602E1B9865B900889E7A /* main.m in Sources */ = {isa = PBXBuildFile; fileRef = 8706602D1B9865B900889E7A /* main.m */; };
		870660311B9865B900889E7A /* AppDelegate.m in Sources */ = {isa = PBXBuildFile; fileRef = 870660301B9865B900889E7A /* AppDelegate.m */; };
		870660341B9865B900889E7A /* ViewController.m in Sources */ = {isa = PBXBuildFile; fileRef = 870660331B9865B900889E7A /* ViewController.m */; };
		870660371B9865B900889E7A /* Main.storyboard in Resources */ = {isa = PBXBuildFile; fileRef = 870660351B9865B900889E7A /* Main.storyboard */; };
		870660391B9865B900889E7A /* Images.xcassets in Resources */ = {isa = PBXBuildFile; fileRef = 870660381B9865B900889E7A /* Images.xcassets */; };
		8706603C1B9865B900889E7A /* LaunchScreen.xib in Resources */ = {isa = PBXBuildFile; fileRef = 8706603A1B9865B900889E7A /* LaunchScreen.xib */; };
		870660481B9865B900889E7A /* BuildaSimpleiPhoneAppTests.m in Sources */ = {isa = PBXBuildFile; fileRef = 870660471B9865B900889E7A /* BuildaSimpleiPhoneAppTests.m */; };
		870660531B9914CD00889E7A /* FactBook.m in Sources */ = {isa = PBXBuildFile; fileRef = 870660521B9914CD00889E7A /* FactBook.m */; };
		870660561B99CAB800889E7A /* ColorWheel.m in Sources */ = {isa = PBXBuildFile; fileRef = 870660551B99CAB800889E7A /* ColorWheel.m */; };
/* End PBXBuildFile section */

/* Begin PBXContainerItemProxy section */
		870660421B9865B900889E7A /* PBXContainerItemProxy */ = {
			isa = PBXContainerItemProxy;
			containerPortal = 870660201B9865B900889E7A /* Project object */;
			proxyType = 1;
			remoteGlobalIDString = 870660271B9865B900889E7A;
			remoteInfo = BuildaSimpleiPhoneApp;
		};
/* End PBXContainerItemProxy section */

/* Begin PBXFileReference section */
		870660281B9865B900889E7A /* BuildaSimpleiPhoneApp.app */ = {isa = PBXFileReference; explicitFileType = wrapper.application; includeInIndex = 0; path = BuildaSimpleiPhoneApp.app; sourceTree = BUILT_PRODUCTS_DIR; };
		8706602C1B9865B900889E7A /* Info.plist */ = {isa = PBXFileReference; lastKnownFileType = text.plist.xml; path = Info.plist; sourceTree = "<group>"; };
		8706602D1B9865B900889E7A /* main.m */ = {isa = PBXFileReference; lastKnownFileType = sourcecode.c.objc; path = main.m; sourceTree = "<group>"; };
		8706602F1B9865B900889E7A /* AppDelegate.h */ = {isa = PBXFileReference; lastKnownFileType = sourcecode.c.h; path = AppDelegate.h; sourceTree = "<group>"; };
		870660301B9865B900889E7A /* AppDelegate.m */ = {isa = PBXFileReference; lastKnownFileType = sourcecode.c.objc; path = AppDelegate.m; sourceTree = "<group>"; };
		870660321B9865B900889E7A /* ViewController.h */ = {isa = PBXFileReference; lastKnownFileType = sourcecode.c.h; path = ViewController.h; sourceTree = "<group>"; };
		870660331B9865B900889E7A /* ViewController.m */ = {isa = PBXFileReference; lastKnownFileType = sourcecode.c.objc; path = ViewController.m; sourceTree = "<group>"; };
		870660361B9865B900889E7A /* Base */ = {isa = PBXFileReference; lastKnownFileType = file.storyboard; name = Base; path = Base.lproj/Main.storyboard; sourceTree = "<group>"; };
		870660381B9865B900889E7A /* Images.xcassets */ = {isa = PBXFileReference; lastKnownFileType = folder.assetcatalog; path = Images.xcassets; sourceTree = "<group>"; };
		8706603B1B9865B900889E7A /* Base */ = {isa = PBXFileReference; lastKnownFileType = file.xib; name = Base; path = Base.lproj/LaunchScreen.xib; sourceTree = "<group>"; };
		870660411B9865B900889E7A /* BuildaSimpleiPhoneAppTests.xctest */ = {isa = PBXFileReference; explicitFileType = wrapper.cfbundle; includeInIndex = 0; path = BuildaSimpleiPhoneAppTests.xctest; sourceTree = BUILT_PRODUCTS_DIR; };
		870660461B9865B900889E7A /* Info.plist */ = {isa = PBXFileReference; lastKnownFileType = text.plist.xml; path = Info.plist; sourceTree = "<group>"; };
		870660471B9865B900889E7A /* BuildaSimpleiPhoneAppTests.m */ = {isa = PBXFileReference; lastKnownFileType = sourcecode.c.objc; path = BuildaSimpleiPhoneAppTests.m; sourceTree = "<group>"; };
		870660511B9914CD00889E7A /* FactBook.h */ = {isa = PBXFileReference; fileEncoding = 4; lastKnownFileType = sourcecode.c.h; path = FactBook.h; sourceTree = "<group>"; };
		870660521B9914CD00889E7A /* FactBook.m */ = {isa = PBXFileReference; fileEncoding = 4; lastKnownFileType = sourcecode.c.objc; path = FactBook.m; sourceTree = "<group>"; };
		870660541B99CAB800889E7A /* ColorWheel.h */ = {isa = PBXFileReference; fileEncoding = 4; lastKnownFileType = sourcecode.c.h; path = ColorWheel.h; sourceTree = "<group>"; };
		870660551B99CAB800889E7A /* ColorWheel.m */ = {isa = PBXFileReference; fileEncoding = 4; lastKnownFileType = sourcecode.c.objc; path = ColorWheel.m; sourceTree = "<group>"; };
/* End PBXFileReference section */

/* Begin PBXFrameworksBuildPhase section */
		870660251B9865B900889E7A /* Frameworks */ = {
			isa = PBXFrameworksBuildPhase;
			buildActionMask = 2147483647;
			files = (
			);
			runOnlyForDeploymentPostprocessing = 0;
		};
		8706603E1B9865B900889E7A /* Frameworks */ = {
			isa = PBXFrameworksBuildPhase;
			buildActionMask = 2147483647;
			files = (
			);
			runOnlyForDeploymentPostprocessing = 0;
		};
/* End PBXFrameworksBuildPhase section */

/* Begin PBXGroup section */
		8706601F1B9865B900889E7A = {
			isa = PBXGroup;
			children = (
				8706602A1B9865B900889E7A /* BuildaSimpleiPhoneApp */,
				870660441B9865B900889E7A /* BuildaSimpleiPhoneAppTests */,
				870660291B9865B900889E7A /* Products */,
			);
			sourceTree = "<group>";
		};
		870660291B9865B900889E7A /* Products */ = {
			isa = PBXGroup;
			children = (
				870660281B9865B900889E7A /* BuildaSimpleiPhoneApp.app */,
				870660411B9865B900889E7A /* BuildaSimpleiPhoneAppTests.xctest */,
			);
			name = Products;
			sourceTree = "<group>";
		};
		8706602A1B9865B900889E7A /* BuildaSimpleiPhoneApp */ = {
			isa = PBXGroup;
			children = (
				8706602F1B9865B900889E7A /* AppDelegate.h */,
				870660301B9865B900889E7A /* AppDelegate.m */,
				870660321B9865B900889E7A /* ViewController.h */,
				870660331B9865B900889E7A /* ViewController.m */,
				870660511B9914CD00889E7A /* FactBook.h */,
				870660521B9914CD00889E7A /* FactBook.m */,
				870660541B99CAB800889E7A /* ColorWheel.h */,
				870660551B99CAB800889E7A /* ColorWheel.m */,
				870660351B9865B900889E7A /* Main.storyboard */,
				870660381B9865B900889E7A /* Images.xcassets */,
				8706603A1B9865B900889E7A /* LaunchScreen.xib */,
				8706602B1B9865B900889E7A /* Supporting Files */,
			);
			path = BuildaSimpleiPhoneApp;
			sourceTree = "<group>";
		};
		8706602B1B9865B900889E7A /* Supporting Files */ = {
			isa = PBXGroup;
			children = (
				8706602C1B9865B900889E7A /* Info.plist */,
				8706602D1B9865B900889E7A /* main.m */,
			);
			name = "Supporting Files";
			sourceTree = "<group>";
		};
		870660441B9865B900889E7A /* BuildaSimpleiPhoneAppTests */ = {
			isa = PBXGroup;
			children = (
				870660471B9865B900889E7A /* BuildaSimpleiPhoneAppTests.m */,
				870660451B9865B900889E7A /* Supporting Files */,
			);
			path = BuildaSimpleiPhoneAppTests;
			sourceTree = "<group>";
		};
		870660451B9865B900889E7A /* Supporting Files */ = {
			isa = PBXGroup;
			children = (
				870660461B9865B900889E7A /* Info.plist */,
			);
			name = "Supporting Files";
			sourceTree = "<group>";
		};
/* End PBXGroup section */

/* Begin PBXNativeTarget section */
		870660271B9865B900889E7A /* BuildaSimpleiPhoneApp */ = {
			isa = PBXNativeTarget;
			buildConfigurationList = 8706604B1B9865B900889E7A /* Build configuration list for PBXNativeTarget "BuildaSimpleiPhoneApp" */;
			buildPhases = (
				870660241B9865B900889E7A /* Sources */,
				870660251B9865B900889E7A /* Frameworks */,
				870660261B9865B900889E7A /* Resources */,
			);
			buildRules = (
			);
			dependencies = (
			);
			name = BuildaSimpleiPhoneApp;
			productName = BuildaSimpleiPhoneApp;
			productReference = 870660281B9865B900889E7A /* BuildaSimpleiPhoneApp.app */;
			productType = "com.apple.product-type.application";
		};
		870660401B9865B900889E7A /* BuildaSimpleiPhoneAppTests */ = {
			isa = PBXNativeTarget;
			buildConfigurationList = 8706604E1B9865B900889E7A /* Build configuration list for PBXNativeTarget "BuildaSimpleiPhoneAppTests" */;
			buildPhases = (
				8706603D1B9865B900889E7A /* Sources */,
				8706603E1B9865B900889E7A /* Frameworks */,
				8706603F1B9865B900889E7A /* Resources */,
			);
			buildRules = (
			);
			dependencies = (
				870660431B9865B900889E7A /* PBXTargetDependency */,
			);
			name = BuildaSimpleiPhoneAppTests;
			productName = BuildaSimpleiPhoneAppTests;
			productReference = 870660411B9865B900889E7A /* BuildaSimpleiPhoneAppTests.xctest */;
			productType = "com.apple.product-type.bundle.unit-test";
		};
/* End PBXNativeTarget section */

/* Begin PBXProject section */
		870660201B9865B900889E7A /* Project object */ = {
			isa = PBXProject;
			attributes = {
				LastUpgradeCheck = 0640;
				ORGANIZATIONNAME = "Jian Su";
				TargetAttributes = {
					870660271B9865B900889E7A = {
						CreatedOnToolsVersion = 6.4;
						DevelopmentTeam = 3PR8S38549;
					};
					870660401B9865B900889E7A = {
						CreatedOnToolsVersion = 6.4;
						TestTargetID = 870660271B9865B900889E7A;
					};
				};
			};
			buildConfigurationList = 870660231B9865B900889E7A /* Build configuration list for PBXProject "BuildaSimpleiPhoneApp" */;
			compatibilityVersion = "Xcode 3.2";
			developmentRegion = English;
			hasScannedForEncodings = 0;
			knownRegions = (
				en,
				Base,
			);
			mainGroup = 8706601F1B9865B900889E7A;
			productRefGroup = 870660291B9865B900889E7A /* Products */;
			projectDirPath = "";
			projectRoot = "";
			targets = (
				870660271B9865B900889E7A /* BuildaSimpleiPhoneApp */,
				870660401B9865B900889E7A /* BuildaSimpleiPhoneAppTests */,
			);
		};
/* End PBXProject section */

/* Begin PBXResourcesBuildPhase section */
		870660261B9865B900889E7A /* Resources */ = {
			isa = PBXResourcesBuildPhase;
			buildActionMask = 2147483647;
			files = (
				870660371B9865B900889E7A /* Main.storyboard in Resources */,
				8706603C1B9865B900889E7A /* LaunchScreen.xib in Resources */,
				870660391B9865B900889E7A /* Images.xcassets in Resources */,
			);
			runOnlyForDeploymentPostprocessing = 0;
		};
		8706603F1B9865B900889E7A /* Resources */ = {
			isa = PBXResourcesBuildPhase;
			buildActionMask = 2147483647;
			files = (
			);
			runOnlyForDeploymentPostprocessing = 0;
		};
/* End PBXResourcesBuildPhase section */

/* Begin PBXSourcesBuildPhase section */
		870660241B9865B900889E7A /* Sources */ = {
			isa = PBXSourcesBuildPhase;
			buildActionMask = 2147483647;
			files = (
				870660341B9865B900889E7A /* ViewController.m in Sources */,
				870660311B9865B900889E7A /* AppDelegate.m in Sources */,
				870660531B9914CD00889E7A /* FactBook.m in Sources */,
				8706602E1B9865B900889E7A /* main.m in Sources */,
				870660561B99CAB800889E7A /* ColorWheel.m in Sources */,
			);
			runOnlyForDeploymentPostprocessing = 0;
		};
		8706603D1B9865B900889E7A /* Sources */ = {
			isa = PBXSourcesBuildPhase;
			buildActionMask = 2147483647;
			files = (
				870660481B9865B900889E7A /* BuildaSimpleiPhoneAppTests.m in Sources */,
			);
			runOnlyForDeploymentPostprocessing = 0;
		};
/* End PBXSourcesBuildPhase section */

/* Begin PBXTargetDependency section */
		870660431B9865B900889E7A /* PBXTargetDependency */ = {
			isa = PBXTargetDependency;
			target = 870660271B9865B900889E7A /* BuildaSimpleiPhoneApp */;
			targetProxy = 870660421B9865B900889E7A /* PBXContainerItemProxy */;
		};
/* End PBXTargetDependency section */

/* Begin PBXVariantGroup section */
		870660351B9865B900889E7A /* Main.storyboard */ = {
			isa = PBXVariantGroup;
			children = (
				870660361B9865B900889E7A /* Base */,
			);
			name = Main.storyboard;
			sourceTree = "<group>";
		};
		8706603A1B9865B900889E7A /* LaunchScreen.xib */ = {
			isa = PBXVariantGroup;
			children = (
				8706603B1B9865B900889E7A /* Base */,
			);
			name = LaunchScreen.xib;
			sourceTree = "<group>";
		};
/* End PBXVariantGroup section */

/* Begin XCBuildConfiguration section */
		870660491B9865B900889E7A /* Debug */ = {
			isa = XCBuildConfiguration;
			buildSettings = {
				ALWAYS_SEARCH_USER_PATHS = NO;
				CLANG_CXX_LANGUAGE_STANDARD = "gnu++0x";
				CLANG_CXX_LIBRARY = "libc++";
				CLANG_ENABLE_MODULES = YES;
				CLANG_ENABLE_OBJC_ARC = YES;
				CLANG_WARN_BOOL_CONVERSION = YES;
				CLANG_WARN_CONSTANT_CONVERSION = YES;
				CLANG_WARN_DIRECT_OBJC_ISA_USAGE = YES_ERROR;
				CLANG_WARN_EMPTY_BODY = YES;
				CLANG_WARN_ENUM_CONVERSION = YES;
				CLANG_WARN_INT_CONVERSION = YES;
				CLANG_WARN_OBJC_ROOT_CLASS = YES_ERROR;
				CLANG_WARN_UNREACHABLE_CODE = YES;
				CLANG_WARN__DUPLICATE_METHOD_MATCH = YES;
				"CODE_SIGN_IDENTITY[sdk=iphoneos*]" = "iPhone Developer";
				COPY_PHASE_STRIP = NO;
				DEBUG_INFORMATION_FORMAT = "dwarf-with-dsym";
				ENABLE_STRICT_OBJC_MSGSEND = YES;
				GCC_C_LANGUAGE_STANDARD = gnu99;
				GCC_DYNAMIC_NO_PIC = NO;
				GCC_NO_COMMON_BLOCKS = YES;
				GCC_OPTIMIZATION_LEVEL = 0;
				GCC_PREPROCESSOR_DEFINITIONS = (
					"DEBUG=1",
					"$(inherited)",
				);
				GCC_SYMBOLS_PRIVATE_EXTERN = NO;
				GCC_WARN_64_TO_32_BIT_CONVERSION = YES;
				GCC_WARN_ABOUT_RETURN_TYPE = YES_ERROR;
				GCC_WARN_UNDECLARED_SELECTOR = YES;
				GCC_WARN_UNINITIALIZED_AUTOS = YES_AGGRESSIVE;
				GCC_WARN_UNUSED_FUNCTION = YES;
				GCC_WARN_UNUSED_VARIABLE = YES;
				IPHONEOS_DEPLOYMENT_TARGET = 8.4;
				MTL_ENABLE_DEBUG_INFO = YES;
				ONLY_ACTIVE_ARCH = YES;
				SDKROOT = iphoneos;
			};
			name = Debug;
		};
		8706604A1B9865B900889E7A /* Release */ = {
			isa = XCBuildConfiguration;
			buildSettings = {
				ALWAYS_SEARCH_USER_PATHS = NO;
				CLANG_CXX_LANGUAGE_STANDARD = "gnu++0x";
				CLANG_CXX_LIBRARY = "libc++";
				CLANG_ENABLE_MODULES = YES;
				CLANG_ENABLE_OBJC_ARC = YES;
				CLANG_WARN_BOOL_CONVERSION = YES;
				CLANG_WARN_CONSTANT_CONVERSION = YES;
				CLANG_WARN_DIRECT_OBJC_ISA_USAGE = YES_ERROR;
				CLANG_WARN_EMPTY_BODY = YES;
				CLANG_WARN_ENUM_CONVERSION = YES;
				CLANG_WARN_INT_CONVERSION = YES;
				CLANG_WARN_OBJC_ROOT_CLASS = YES_ERROR;
				CLANG_WARN_UNREACHABLE_CODE = YES;
				CLANG_WARN__DUPLICATE_METHOD_MATCH = YES;
				"CODE_SIGN_IDENTITY[sdk=iphoneos*]" = "iPhone Developer";
				COPY_PHASE_STRIP = NO;
				DEBUG_INFORMATION_FORMAT = "dwarf-with-dsym";
				ENABLE_NS_ASSERTIONS = NO;
				ENABLE_STRICT_OBJC_MSGSEND = YES;
				GCC_C_LANGUAGE_STANDARD = gnu99;
				GCC_NO_COMMON_BLOCKS = YES;
				GCC_WARN_64_TO_32_BIT_CONVERSION = YES;
				GCC_WARN_ABOUT_RETURN_TYPE = YES_ERROR;
				GCC_WARN_UNDECLARED_SELECTOR = YES;
				GCC_WARN_UNINITIALIZED_AUTOS = YES_AGGRESSIVE;
				GCC_WARN_UNUSED_FUNCTION = YES;
				GCC_WARN_UNUSED_VARIABLE = YES;
				IPHONEOS_DEPLOYMENT_TARGET = 8.4;
				MTL_ENABLE_DEBUG_INFO = NO;
				SDKROOT = iphoneos;
				VALIDATE_PRODUCT = YES;
			};
			name = Release;
		};
		8706604C1B9865B900889E7A /* Debug */ = {
			isa = XCBuildConfiguration;
			buildSettings = {
				ASSETCATALOG_COMPILER_APPICON_NAME = AppIcon;
				CODE_SIGN_IDENTITY = "iPhone Developer";
				INFOPLIST_FILE = BuildaSimpleiPhoneApp/Info.plist;
				LD_RUNPATH_SEARCH_PATHS = "$(inherited) @executable_path/Frameworks";
				PRODUCT_NAME = "$(TARGET_NAME)";
			};
			name = Debug;
		};
		8706604D1B9865B900889E7A /* Release */ = {
			isa = XCBuildConfiguration;
			buildSettings = {
				ASSETCATALOG_COMPILER_APPICON_NAME = AppIcon;
				CODE_SIGN_IDENTITY = "iPhone Developer";
				INFOPLIST_FILE = BuildaSimpleiPhoneApp/Info.plist;
				LD_RUNPATH_SEARCH_PATHS = "$(inherited) @executable_path/Frameworks";
				PRODUCT_NAME = "$(TARGET_NAME)";
			};
			name = Release;
		};
		8706604F1B9865B900889E7A /* Debug */ = {
			isa = XCBuildConfiguration;
			buildSettings = {
				BUNDLE_LOADER = "$(TEST_HOST)";
				FRAMEWORK_SEARCH_PATHS = (
					"$(SDKROOT)/Developer/Library/Frameworks",
					"$(inherited)",
				);
				GCC_PREPROCESSOR_DEFINITIONS = (
					"DEBUG=1",
					"$(inherited)",
				);
				INFOPLIST_FILE = BuildaSimpleiPhoneAppTests/Info.plist;
				LD_RUNPATH_SEARCH_PATHS = "$(inherited) @executable_path/Frameworks @loader_path/Frameworks";
				PRODUCT_NAME = "$(TARGET_NAME)";
				TEST_HOST = "$(BUILT_PRODUCTS_DIR)/BuildaSimpleiPhoneApp.app/BuildaSimpleiPhoneApp";
			};
			name = Debug;
		};
		870660501B9865B900889E7A /* Release */ = {
			isa = XCBuildConfiguration;
			buildSettings = {
				BUNDLE_LOADER = "$(TEST_HOST)";
				FRAMEWORK_SEARCH_PATHS = (
					"$(SDKROOT)/Developer/Library/Frameworks",
					"$(inherited)",
				);
				INFOPLIST_FILE = BuildaSimpleiPhoneAppTests/Info.plist;
				LD_RUNPATH_SEARCH_PATHS = "$(inherited) @executable_path/Frameworks @loader_path/Frameworks";
				PRODUCT_NAME = "$(TARGET_NAME)";
				TEST_HOST = "$(BUILT_PRODUCTS_DIR)/BuildaSimpleiPhoneApp.app/BuildaSimpleiPhoneApp";
			};
			name = Release;
		};
/* End XCBuildConfiguration section */

/* Begin XCConfigurationList section */
		870660231B9865B900889E7A /* Build configuration list for PBXProject "BuildaSimpleiPhoneApp" */ = {
			isa = XCConfigurationList;
			buildConfigurations = (
				870660491B9865B900889E7A /* Debug */,
				8706604A1B9865B900889E7A /* Release */,
			);
			defaultConfigurationIsVisible = 0;
			defaultConfigurationName = Release;
		};
		8706604B1B9865B900889E7A /* Build configuration list for PBXNativeTarget "BuildaSimpleiPhoneApp" */ = {
			isa = XCConfigurationList;
			buildConfigurations = (
				8706604C1B9865B900889E7A /* Debug */,
				8706604D1B9865B900889E7A /* Release */,
			);
			defaultConfigurationIsVisible = 0;
			defaultConfigurationName = Release;
		};
		8706604E1B9865B900889E7A /* Build configuration list for PBXNativeTarget "BuildaSimpleiPhoneAppTests" */ = {
			isa = XCConfigurationList;
			buildConfigurations = (
				8706604F1B9865B900889E7A /* Debug */,
				870660501B9865B900889E7A /* Release */,
			);
			defaultConfigurationIsVisible = 0;
			defaultConfigurationName = Release;
		};
/* End XCConfigurationList section */
	};
	rootObject = 870660201B9865B900889E7A /* Project object */;
}
